# THIS IS AN AUTOGENERATED FILE. DO NOT EDIT THIS FILE DIRECTLY.
# yarn lockfile v1


"@apidevtools/json-schema-ref-parser@^9.0.7":
  version "9.0.9"
  resolved "https://registry.yarnpkg.com/@apidevtools/json-schema-ref-parser/-/json-schema-ref-parser-9.0.9.tgz#d720f9256e3609621280584f2b47ae165359268b"
  integrity sha512-GBD2Le9w2+lVFoc4vswGI/TjkNIZSVp7+9xPf+X3uidBfWnAeUWmquteSyt0+VCrhNMWj/FTABISQrD3Z/YA+w==
  dependencies:
    "@jsdevtools/ono" "^7.1.3"
    "@types/json-schema" "^7.0.6"
    call-me-maybe "^1.0.1"
    js-yaml "^4.1.0"

"@haggholm/json-schema-merge-allof@^1.0.2":
  version "1.0.2"
  resolved "https://registry.yarnpkg.com/@haggholm/json-schema-merge-allof/-/json-schema-merge-allof-1.0.2.tgz#c540c9c7798708a1c8f0a4f2adf639e9cc69ae2c"
  integrity sha512-oqXg5vyplbvkbYFgR+DLHTpwhfhXhiQ3u5W4ILIzzdEIsSmAQitpz1BvwhgEKsI3sduj/qsuJR6jecxiUHZRLg==
  dependencies:
    "@types/json-schema-compare" "^0.2.0"
    "@types/lodash" "^4.14.162"
    compute-lcm "^1.1.0"
    json-schema-compare "^0.2.2"
    lodash "^4.17.20"
    ts-essentials "^7.0.1"

"@jsdevtools/ono@^7.1.3":
  version "7.1.3"
  resolved "https://registry.yarnpkg.com/@jsdevtools/ono/-/ono-7.1.3.tgz#9df03bbd7c696a5c58885c34aa06da41c8543796"
  integrity sha512-4JQNk+3mVzK3xh2rqd6RB4J46qUR19azEHBneZyTZM+c456qOrbbM/5xcR8huNCCcbVt7+UmizG6GuUvPvKUYg==

"@types/debug@^4.1.5":
  version "4.1.7"
  resolved "https://registry.yarnpkg.com/@types/debug/-/debug-4.1.7.tgz#7cc0ea761509124709b8b2d1090d8f6c17aadb82"
  integrity sha512-9AonUzyTjXXhEOa0DnqpzZi6VHlqKMswga9EXjpXnnqxwLtdvPPtlO8evrI5D9S6asFRCQ6v+wpiUKbw+vKqyg==
  dependencies:
    "@types/ms" "*"

"@types/json-schema-compare@^0.2.0":
  version "0.2.1"
  resolved "https://registry.yarnpkg.com/@types/json-schema-compare/-/json-schema-compare-0.2.1.tgz#c2d4cf704ae0237feeaf7ee3d6180caa5e32771b"
  integrity sha512-L/M2FZ3hlGEE5vgc3A6aBfYlyVl7gxvYkWd7yk5qZLsElknYc/pzUXfbqu7Aa0jna1f1wE9tvJIUbIR4dJ3puQ==
  dependencies:
    "@types/json-schema" "*"

"@types/json-schema@*", "@types/json-schema@^7.0.6":
  version "7.0.11"
  resolved "https://registry.yarnpkg.com/@types/json-schema/-/json-schema-7.0.11.tgz#d421b6c527a3037f7c84433fd2c4229e016863d3"
  integrity sha512-wOuvG1SN4Us4rez+tylwwwCV1psiNVOkJeM3AUWUNWg/jDQY2+HE/444y5gc+jBmRqASOm2Oeh5c1axHobwRKQ==

"@types/lodash@^4.14.162":
  version "4.14.185"
  resolved "https://registry.yarnpkg.com/@types/lodash/-/lodash-4.14.185.tgz#c9843f5a40703a8f5edfd53358a58ae729816908"
  integrity sha512-evMDG1bC4rgQg4ku9tKpuMh5iBNEwNa3tf9zRHdP1qlv+1WUg44xat4IxCE14gIpZRGUUWAx2VhItCZc25NfMA==

"@types/ms@*":
  version "0.7.31"
  resolved "https://registry.yarnpkg.com/@types/ms/-/ms-0.7.31.tgz#31b7ca6407128a3d2bbc27fe2d21b345397f6197"
  integrity sha512-iiUgKzV9AuaEkZqkOLDIvlQiL6ltuZd9tGcW3gwpnX8JbuiuhFlEGmmFXEXkN50Cvq7Os88IY2v0dkDqXYWVgA==

"@types/node@^12.6.8":
  version "12.20.55"
  resolved "https://registry.yarnpkg.com/@types/node/-/node-12.20.55.tgz#c329cbd434c42164f846b909bd6f85b5537f6240"
  integrity sha512-J8xLz7q2OFulZ2cyGTLE1TbbZcjpno7FaN6zdJNrgAdrJ+DZzh/uFR6YrTb4C+nXakvud8Q4+rbhoIWlYQbUFQ==

"@types/supports-color@^7.2.0":
  version "7.2.1"
  resolved "https://registry.yarnpkg.com/@types/supports-color/-/supports-color-7.2.1.tgz#58a6efe82d9eca92cf316b16112fcd2675ffa6c0"
  integrity sha512-glb1BXM/pchMWTt9kg67CceKqyAW3NGBviNPKXN84JJhk3shqVpyi5d5MM4MWYoZHHk/Ioct7Yt1TNqQORiIAw==

ajv@^6.12.6:
  version "6.12.6"
  resolved "https://registry.yarnpkg.com/ajv/-/ajv-6.12.6.tgz#baf5a62e802b07d977034586f8c3baf5adf26df4"
  integrity sha512-j3fVLgvTo527anyYyJOGTYJbG+vnnQYvE0m5mmkc1TK+nxAppkCLMIL0aZ4dblVCNoGShhm+kzE4ZUykBoMg4g==
  dependencies:
    fast-deep-equal "^3.1.1"
    fast-json-stable-stringify "^2.0.0"
    json-schema-traverse "^0.4.1"
    uri-js "^4.2.2"

argparse@^2.0.1:
  version "2.0.1"
  resolved "https://registry.yarnpkg.com/argparse/-/argparse-2.0.1.tgz#246f50f3ca78a3240f6c997e8a9bd1eac49e4b38"
  integrity sha512-8+9WqebbFzpX9OR+Wa6O29asIogeRMzcGtAINdpMHHyAg10f05aSFVBbcEqGf/PXw1EjAZ+q2/bEBg3DvurK3Q==

call-me-maybe@^1.0.1:
  version "1.0.1"
  resolved "https://registry.yarnpkg.com/call-me-maybe/-/call-me-maybe-1.0.1.tgz#26d208ea89e37b5cbde60250a15f031c16a4d66b"
  integrity sha512-wCyFsDQkKPwwF8BDwOiWNx/9K45L/hvggQiDbve+viMNMQnWhrlYIuBk09offfwCRtCO9P6XwUttufzU11WCVw==

compute-gcd@^1.2.1:
  version "1.2.1"
  resolved "https://registry.yarnpkg.com/compute-gcd/-/compute-gcd-1.2.1.tgz#34d639f3825625e1357ce81f0e456a6249d8c77f"
  integrity sha512-TwMbxBNz0l71+8Sc4czv13h4kEqnchV9igQZBi6QUaz09dnz13juGnnaWWJTRsP3brxOoxeB4SA2WELLw1hCtg==
  dependencies:
    validate.io-array "^1.0.3"
    validate.io-function "^1.0.2"
    validate.io-integer-array "^1.0.0"

compute-lcm@^1.1.0:
  version "1.1.2"
  resolved "https://registry.yarnpkg.com/compute-lcm/-/compute-lcm-1.1.2.tgz#9107c66b9dca28cefb22b4ab4545caac4034af23"
  integrity sha512-OFNPdQAXnQhDSKioX8/XYT6sdUlXwpeMjfd6ApxMJfyZ4GxmLR1xvMERctlYhlHwIiz6CSpBc2+qYKjHGZw4TQ==
  dependencies:
    compute-gcd "^1.2.1"
    validate.io-array "^1.0.3"
    validate.io-function "^1.0.2"
    validate.io-integer-array "^1.0.0"

debug@^4.3.1:
  version "4.3.4"
  resolved "https://registry.yarnpkg.com/debug/-/debug-4.3.4.tgz#1319f6579357f2338d3337d2cdd4914bb5dcc865"
  integrity sha512-PRWFHuSU3eDtQJPvnNY7Jcket1j0t5OuOsFzPPzsekD52Zl8qUfFIPEiswXqIvHWGVHOgX+7G/vCNNhehwxfkQ==
  dependencies:
    ms "2.1.2"

esm@^3.2.25:
  version "3.2.25"
  resolved "https://registry.yarnpkg.com/esm/-/esm-3.2.25.tgz#342c18c29d56157688ba5ce31f8431fbb795cc10"
  integrity sha512-U1suiZ2oDVWv4zPO56S0NcR5QriEahGtdN2OR6FiOG4WJvcjBVFB0qI4+eKoWFH483PKGuLuu6V8Z4T5g63UVA==

fast-deep-equal@^3.1.1, fast-deep-equal@^3.1.3:
  version "3.1.3"
  resolved "https://registry.yarnpkg.com/fast-deep-equal/-/fast-deep-equal-3.1.3.tgz#3a7d56b559d6cbc3eb512325244e619a65c6c525"
  integrity sha512-f3qQ9oQy9j2AhBe/H9VC91wLmKBCCU/gDOnKNAYG5hswO7BLKj09Hc5HYNz9cGI++xlpDCIgDaitVs03ATR84Q==

fast-json-stable-stringify@^2.0.0:
  version "2.1.0"
  resolved "https://registry.yarnpkg.com/fast-json-stable-stringify/-/fast-json-stable-stringify-2.1.0.tgz#874bf69c6f404c2b5d99c481341399fd55892633"
  integrity sha512-lhd/wF+Lk98HZoTCtlVraHtfh5XYijIjalXck7saUtuanSDyLMxnHhSXEDJqHxD7msR8D0uCmqlkwjCV8xvwHw==

graceful-fs@^4.1.6:
  version "4.2.10"
  resolved "https://registry.yarnpkg.com/graceful-fs/-/graceful-fs-4.2.10.tgz#147d3a006da4ca3ce14728c7aefc287c367d7a6c"
  integrity sha512-9ByhssR2fPVsNZj478qUUbKfmL0+t5BDVyjShtyZZLiK7ZDAArFFfopyOTj0M05wE2tJPisA4iTnnXl2YoPvOA==

has-flag@^4.0.0:
  version "4.0.0"
  resolved "https://registry.yarnpkg.com/has-flag/-/has-flag-4.0.0.tgz#944771fd9c81c81265c4d6941860da06bb59479b"
  integrity sha512-EykJT/Q1KjTWctppgIAgfSO0tKVuZUjhgMr17kqTumMl6Afv3EISleU7qZUzoXDFTAHTDC4NOoG/ZxU3EvlMPQ==

inherits@2.0.3:
  version "2.0.3"
  resolved "https://registry.yarnpkg.com/inherits/-/inherits-2.0.3.tgz#633c2c83e3da42a502f52466022480f4208261de"
  integrity sha512-x00IRNXNy63jwGkJmzPigoySHbaqpNuzKbBOmzK+g2OdZpQ9w+sxCN+VSB3ja7IAge2OP2qpfxTjeNcyjmW1uw==

is-json-schema-subset@^1.1.24:
  version "1.1.27"
  resolved "https://registry.yarnpkg.com/is-json-schema-subset/-/is-json-schema-subset-1.1.27.tgz#85eb2875c951c7c91ad3a6482b925ce839932b22"
  integrity sha512-A+ZjR5km0/SBevlP90elkWfq+Obe5HfD9U/9LzqiMSRgFHvrcqbqkW9dk1Or6vWZQClzZPa37yQJoGcheWUccg==
  dependencies:
    "@apidevtools/json-schema-ref-parser" "^9.0.7"
    "@haggholm/json-schema-merge-allof" "^1.0.2"
    "@types/debug" "^4.1.5"
    "@types/node" "^12.6.8"
    ajv "^6.12.6"
    debug "^4.3.1"
    fast-deep-equal "^3.1.3"
    json-schema "^0.3.0"
    rfc6902 "^4.0.2"
  optionalDependencies:
    "@types/supports-color" "^7.2.0"
    supports-color "^8.1.1"

js-yaml@^4.1.0:
  version "4.1.0"
  resolved "https://registry.yarnpkg.com/js-yaml/-/js-yaml-4.1.0.tgz#c1fb65f8f5017901cdd2c951864ba18458a10602"
  integrity sha512-wpxZs9NoxZaJESJGIZTyDEaYpl0FKSA+FB9aJiyemKhMwkxQg63h4T1KJgUGHpTqPDNRcmmYLugrRjJlBtWvRA==
  dependencies:
    argparse "^2.0.1"

json-schema-compare@^0.2.2:
  version "0.2.2"
  resolved "https://registry.yarnpkg.com/json-schema-compare/-/json-schema-compare-0.2.2.tgz#dd601508335a90c7f4cfadb6b2e397225c908e56"
  integrity sha512-c4WYmDKyJXhs7WWvAWm3uIYnfyWFoIp+JEoX34rctVvEkMYCPGhXtvmFFXiffBbxfZsvQ0RNnV5H7GvDF5HCqQ==
  dependencies:
    lodash "^4.17.4"

json-schema-traverse@^0.4.1:
  version "0.4.1"
  resolved "https://registry.yarnpkg.com/json-schema-traverse/-/json-schema-traverse-0.4.1.tgz#69f6a87d9513ab8bb8fe63bdb0979c448e684660"
  integrity sha512-xbbCH5dCYU5T8LcEhhuh7HJ88HXuW3qsI3Y0zOZFKfZEHcpWiHU/Jxzk629Brsab/mMiHQti9wMP+845RPe3Vg==

json-schema@^0.3.0:
  version "0.3.0"
  resolved "https://registry.yarnpkg.com/json-schema/-/json-schema-0.3.0.tgz#90a9c5054bd065422c00241851ce8d59475b701b"
  integrity sha512-TYfxx36xfl52Rf1LU9HyWSLGPdYLL+SQ8/E/0yVyKG8wCCDaSrhPap0vEdlsZWRaS6tnKKLPGiEJGiREVC8kxQ==

jsonfile@^6.0.1:
  version "6.1.0"
  resolved "https://registry.yarnpkg.com/jsonfile/-/jsonfile-6.1.0.tgz#bc55b2634793c679ec6403094eb13698a6ec0aae"
  integrity sha512-5dgndWOriYSm5cnYaJNhalLNDKOqFwyDB/rr1E9ZsGciGvKPs8R2xYGCacuf3z6K1YKDz182fd+fY3cn3pMqXQ==
  dependencies:
    universalify "^2.0.0"
  optionalDependencies:
    graceful-fs "^4.1.6"

lodash@^4.17.20, lodash@^4.17.4:
  version "4.17.21"
  resolved "https://registry.yarnpkg.com/lodash/-/lodash-4.17.21.tgz#679591c564c3bffaae8454cf0b3df370c3d6911c"
  integrity sha512-v2kDEe57lecTulaDIuNTPy3Ry4gLGJ6Z1O3vE1krgXZNrsQ+LFTGHVxVjcXPs17LhbZVGedAJv8XZ1tvj5FvSg==

ms@2.1.2:
  version "2.1.2"
  resolved "https://registry.yarnpkg.com/ms/-/ms-2.1.2.tgz#d09d1f357b443f493382a8eb3ccd183872ae6009"
  integrity sha512-sGkPx+VjMtmA6MX27oA4FBFELFCZZ4S4XqeGOXCv68tT+jb3vk/RyaKWP0PTKyWtmLSM0b+adUTEvbs1PEaH2w==

path@^0.12.7:
  version "0.12.7"
  resolved "https://registry.yarnpkg.com/path/-/path-0.12.7.tgz#d4dc2a506c4ce2197eb481ebfcd5b36c0140b10f"
  integrity sha512-aXXC6s+1w7otVF9UletFkFcDsJeO7lSZBPUQhtb5O0xJe8LtYhj/GxldoL09bBj9+ZmE2hNoHqQSFMN5fikh4Q==
  dependencies:
    process "^0.11.1"
    util "^0.10.3"

process@^0.11.1:
  version "0.11.10"
  resolved "https://registry.yarnpkg.com/process/-/process-0.11.10.tgz#7332300e840161bda3e69a1d1d91a7d4bc16f182"
  integrity sha512-cdGef/drWFoydD1JsMzuFf8100nZl+GT+yacc2bEced5f9Rjk4z+WtFUTBu9PhOi9j/jfmBPu0mMEY4wIdAF8A==

punycode@^2.1.0:
  version "2.1.1"
  resolved "https://registry.yarnpkg.com/punycode/-/punycode-2.1.1.tgz#b58b010ac40c22c5657616c8d2c2c02c7bf479ec"
  integrity sha512-XRsRjdf+j5ml+y/6GKHPZbrF/8p2Yga0JPtdqTIY2Xe5ohJPD9saDJJLPvp9+NSBprVvevdXZybnj2cv8OEd0A==

rfc6902@^4.0.2:
  version "4.0.2"
  resolved "https://registry.yarnpkg.com/rfc6902/-/rfc6902-4.0.2.tgz#ce99d3562b9e3287d403462e6bcc81eead8fcea0"
  integrity sha512-MJOC4iDSv3Qn5/QvhPbrNoRongti6moXSShcRmtbNqOk0WPxlviEdMV4bb9PaULhSxLUXzWd4AjAMKQ3j3y54w==

supports-color@^8.1.1:
  version "8.1.1"
  resolved "https://registry.yarnpkg.com/supports-color/-/supports-color-8.1.1.tgz#cd6fc17e28500cff56c1b86c0a7fd4a54a73005c"
  integrity sha512-MpUEN2OodtUzxvKQl72cUF7RQ5EiHsGvSsVG0ia9c5RbWGL2CI4C7EpPS8UTBIplnlzZiNuV56w+FuNxy3ty2Q==
  dependencies:
    has-flag "^4.0.0"

ts-essentials@^7.0.1:
  version "7.0.3"
  resolved "https://registry.yarnpkg.com/ts-essentials/-/ts-essentials-7.0.3.tgz#686fd155a02133eedcc5362dc8b5056cde3e5a38"
  integrity sha512-8+gr5+lqO3G84KdiTSMRLtuyJ+nTBVRKuCrK4lidMPdVeEp0uqC875uE5NMcaA7YYMN7XsNiFQuMvasF8HT/xQ==

universalify@^2.0.0:
  version "2.0.0"
  resolved "https://registry.yarnpkg.com/universalify/-/universalify-2.0.0.tgz#75a4984efedc4b08975c5aeb73f530d02df25717"
  integrity sha512-hAZsKq7Yy11Zu1DE0OzWjw7nnLZmJZYTDZZyEFHZdUhV8FkH5MCfoU1XMaxXovpyW5nq5scPqq0ZDP9Zyl04oQ==

uri-js@^4.2.2:
  version "4.4.1"
  resolved "https://registry.yarnpkg.com/uri-js/-/uri-js-4.4.1.tgz#9b1a52595225859e55f669d928f88c6c57f2a77e"
  integrity sha512-7rKUyy33Q1yc98pQ1DAmLtwX109F7TIfWlW1Ydo8Wl1ii1SeHieeh0HHfPeL2fMXK6z0s8ecKs9frCuLJvndBg==
  dependencies:
    punycode "^2.1.0"

util@^0.10.3:
  version "0.10.4"
  resolved "https://registry.yarnpkg.com/util/-/util-0.10.4.tgz#3aa0125bfe668a4672de58857d3ace27ecb76901"
  integrity sha512-0Pm9hTQ3se5ll1XihRic3FDIku70C+iHUdT/W926rSgHV5QgXsYbKZN8MSC3tJtSkhuROzvsQjAaFENRXr+19A==
  dependencies:
    inherits "2.0.3"

validate.io-array@^1.0.3:
  version "1.0.6"
  resolved "https://registry.yarnpkg.com/validate.io-array/-/validate.io-array-1.0.6.tgz#5b5a2cafd8f8b85abb2f886ba153f2d93a27774d"
  integrity sha512-DeOy7CnPEziggrOO5CZhVKJw6S3Yi7e9e65R1Nl/RTN1vTQKnzjfvks0/8kQ40FP/dsjRAOd4hxmJ7uLa6vxkg==

validate.io-function@^1.0.2:
  version "1.0.2"
  resolved "https://registry.yarnpkg.com/validate.io-function/-/validate.io-function-1.0.2.tgz#343a19802ed3b1968269c780e558e93411c0bad7"
  integrity sha512-LlFybRJEriSuBnUhQyG5bwglhh50EpTL2ul23MPIuR1odjO7XaMLFV8vHGwp7AZciFxtYOeiSCT5st+XSPONiQ==

validate.io-integer-array@^1.0.0:
  version "1.0.0"
  resolved "https://registry.yarnpkg.com/validate.io-integer-array/-/validate.io-integer-array-1.0.0.tgz#2cabde033293a6bcbe063feafe91eaf46b13a089"
  integrity sha512-mTrMk/1ytQHtCY0oNO3dztafHYyGU88KL+jRxWuzfOmQb+4qqnWmI+gykvGp8usKZOM0H7keJHEbRaFiYA0VrA==
  dependencies:
    validate.io-array "^1.0.3"
    validate.io-integer "^1.0.4"

validate.io-integer@^1.0.4:
  version "1.0.5"
  resolved "https://registry.yarnpkg.com/validate.io-integer/-/validate.io-integer-1.0.5.tgz#168496480b95be2247ec443f2233de4f89878068"
  integrity sha512-22izsYSLojN/P6bppBqhgUDjCkr5RY2jd+N2a3DCAUey8ydvrZ/OkGvFPR7qfOpwR2LC5p4Ngzxz36g5Vgr/hQ==
  dependencies:
    validate.io-number "^1.0.3"

validate.io-number@^1.0.3:
  version "1.0.3"
  resolved "https://registry.yarnpkg.com/validate.io-number/-/validate.io-number-1.0.3.tgz#f63ffeda248bf28a67a8d48e0e3b461a1665baf8"
  integrity sha512-kRAyotcbNaSYoDnXvb4MHg/0a1egJdLwS6oJ38TJY7aw9n93Fl/3blIXdyYvPOp55CNxywooG/3BcrwNrBpcSg==
